
Microsoft Visual Studio Solution File, Format Version 12.00
# Visual Studio 15
VisualStudioVersion = 15.0.28307.1340
MinimumVisualStudioVersion = 10.0.40219.1
Project("{8BC9CEB8-8B4A-11D0-8D11-00A0C91BC942}") = "Vector", "Vector\Vector.vcxproj", "{FC11CC92-D7ED-4B4C-B843-BDD80925FBDA}"
EndProject
Global
	GlobalSection(SolutionConfigurationPlatforms) = preSolution
		Debug|x64 = Debug|x64
		Debug|x86 = Debug|x86
		Release|x64 = Release|x64
		Release|x86 = Release|x86
	EndGlobalSection
	GlobalSection(ProjectConfigurationPlatforms) = postSolution
		{FC11CC92-D7ED-4B4C-B843-BDD80925FBDA}.Debug|x64.ActiveCfg = Debug|x64
		{FC11CC92-D7ED-4B4C-B843-BDD80925FBDA}.Debug|x64.Build.0 = Debug|x64
		{FC11CC92-D7ED-4B4C-B843-BDD80925FBDA}.Debug|x86.ActiveCfg = Debug|Win32
		{FC11CC92-D7ED-4B4C-B843-BDD80925FBDA}.Debug|x86.Build.0 = Debug|Win32
		{FC11CC92-D7ED-4B4C-B843-BDD80925FBDA}.Release|x64.ActiveCfg = Release|x64
		{FC11CC92-D7ED-4B4C-B843-BDD80925FBDA}.Release|x64.Build.0 = Release|x64
		{FC11CC92-D7ED-4B4C-B843-BDD80925FBDA}.Release|x86.ActiveCfg = Release|Win32
		{FC11CC92-D7ED-4B4C-B843-BDD80925FBDA}.Release|x86.Build.0 = Release|Win32
	EndGlobalSection
	GlobalSection(SolutionProperties) = preSolution
		HideSolutionNode = FALSE
	EndGlobalSection
	GlobalSection(ExtensibilityGlobals) = postSolution
		SolutionGuid = {3156E8EF-62BA-446A-A789-E52BD31E6560}
	EndGlobalSection
EndGlobal
